
Microsoft Visual Studio Solution File, Format Version 12.00
# Visual Studio Version 17
VisualStudioVersion = 17.2.32616.157
MinimumVisualStudioVersion = 10.0.40219.1
Project("{FAE04EC0-301F-11D3-BF4B-00C04F79EFBC}") = "BillsServiceLibrary", "BillsServiceLibrary\BillsServiceLibrary.csproj", "{E7B0E893-9CC6-4200-83B8-054A3E960CD7}"
EndProject
Project("{FAE04EC0-301F-11D3-BF4B-00C04F79EFBC}") = "BillsService", "BillsService\BillsService.csproj", "{3DF5B0E7-7824-4860-B77A-2DCC44063E00}"
EndProject
Project("{FAE04EC0-301F-11D3-BF4B-00C04F79EFBC}") = "BillServiceUI", "BillServiceUI\BillServiceUI.csproj", "{EB799B68-308A-4B30-8890-D44A8D7DA954}"
EndProject
Project("{54435603-DBB4-11D2-8724-00A0C9A8B90C}") = "BillServiceInstaller", "BillServiceInstaller\BillServiceInstaller.vdproj", "{4803EEEB-E19D-4244-AEEF-220A2C11055E}"
EndProject
Project("{FAE04EC0-301F-11D3-BF4B-00C04F79EFBC}") = "BillServiceTests", "BillServiceTests\BillServiceTests.csproj", "{FD0169C0-147D-440F-8F94-C3C0AE05079C}"
EndProject
Global
	GlobalSection(SolutionConfigurationPlatforms) = preSolution
		Debug|Any CPU = Debug|Any CPU
		Release|Any CPU = Release|Any CPU
	EndGlobalSection
	GlobalSection(ProjectConfigurationPlatforms) = postSolution
		{E7B0E893-9CC6-4200-83B8-054A3E960CD7}.Debug|Any CPU.ActiveCfg = Debug|Any CPU
		{E7B0E893-9CC6-4200-83B8-054A3E960CD7}.Debug|Any CPU.Build.0 = Debug|Any CPU
		{E7B0E893-9CC6-4200-83B8-054A3E960CD7}.Release|Any CPU.ActiveCfg = Release|Any CPU
		{E7B0E893-9CC6-4200-83B8-054A3E960CD7}.Release|Any CPU.Build.0 = Release|Any CPU
		{3DF5B0E7-7824-4860-B77A-2DCC44063E00}.Debug|Any CPU.ActiveCfg = Debug|Any CPU
		{3DF5B0E7-7824-4860-B77A-2DCC44063E00}.Debug|Any CPU.Build.0 = Debug|Any CPU
		{3DF5B0E7-7824-4860-B77A-2DCC44063E00}.Release|Any CPU.ActiveCfg = Release|Any CPU
		{3DF5B0E7-7824-4860-B77A-2DCC44063E00}.Release|Any CPU.Build.0 = Release|Any CPU
		{EB799B68-308A-4B30-8890-D44A8D7DA954}.Debug|Any CPU.ActiveCfg = Debug|Any CPU
		{EB799B68-308A-4B30-8890-D44A8D7DA954}.Debug|Any CPU.Build.0 = Debug|Any CPU
		{EB799B68-308A-4B30-8890-D44A8D7DA954}.Release|Any CPU.ActiveCfg = Release|Any CPU
		{EB799B68-308A-4B30-8890-D44A8D7DA954}.Release|Any CPU.Build.0 = Release|Any CPU
		{4803EEEB-E19D-4244-AEEF-220A2C11055E}.Debug|Any CPU.ActiveCfg = Debug
		{4803EEEB-E19D-4244-AEEF-220A2C11055E}.Release|Any CPU.ActiveCfg = Release
		{FD0169C0-147D-440F-8F94-C3C0AE05079C}.Debug|Any CPU.ActiveCfg = Debug|Any CPU
		{FD0169C0-147D-440F-8F94-C3C0AE05079C}.Debug|Any CPU.Build.0 = Debug|Any CPU
		{FD0169C0-147D-440F-8F94-C3C0AE05079C}.Release|Any CPU.ActiveCfg = Release|Any CPU
		{FD0169C0-147D-440F-8F94-C3C0AE05079C}.Release|Any CPU.Build.0 = Release|Any CPU
	EndGlobalSection
	GlobalSection(SolutionProperties) = preSolution
		HideSolutionNode = FALSE
	EndGlobalSection
	GlobalSection(ExtensibilityGlobals) = postSolution
		SolutionGuid = {01F2D8E6-A813-4CC7-852F-9123F0D10D0C}
	EndGlobalSection
EndGlobal
